// !$*UTF8*$!
{
	archiveVersion = 1;
	classes = {
	};
	objectVersion = 56;
	objects = {

/* Begin PBXBuildFile section */
		178888E32AB822BC0099B2A0 /* AppDelegate.swift in Sources */ = {isa = PBXBuildFile; fileRef = 178888E22AB822BC0099B2A0 /* AppDelegate.swift */; };
		178888E52AB822BC0099B2A0 /* SceneDelegate.swift in Sources */ = {isa = PBXBuildFile; fileRef = 178888E42AB822BC0099B2A0 /* SceneDelegate.swift */; };
		178888E72AB822BC0099B2A0 /* ViewController.swift in Sources */ = {isa = PBXBuildFile; fileRef = 178888E62AB822BC0099B2A0 /* ViewController.swift */; };
		178888EA2AB822BC0099B2A0 /* Main.storyboard in Resources */ = {isa = PBXBuildFile; fileRef = 178888E82AB822BC0099B2A0 /* Main.storyboard */; };
		178888EC2AB822BD0099B2A0 /* Assets.xcassets in Resources */ = {isa = PBXBuildFile; fileRef = 178888EB2AB822BD0099B2A0 /* Assets.xcassets */; };
		178888EF2AB822BD0099B2A0 /* LaunchScreen.storyboard in Resources */ = {isa = PBXBuildFile; fileRef = 178888ED2AB822BD0099B2A0 /* LaunchScreen.storyboard */; };
		178888F82AB823130099B2A0 /* SnapKit in Frameworks */ = {isa = PBXBuildFile; productRef = 178888F72AB823130099B2A0 /* SnapKit */; };
		178888FA2AB825E50099B2A0 /* CustomTextField.swift in Sources */ = {isa = PBXBuildFile; fileRef = 178888F92AB825E50099B2A0 /* CustomTextField.swift */; };
		178888FE2AB82AAF0099B2A0 /* Observable.swift in Sources */ = {isa = PBXBuildFile; fileRef = 178888FD2AB82AAF0099B2A0 /* Observable.swift */; };
		178889002AB82B960099B2A0 /* ShrimplixViewModel.swift in Sources */ = {isa = PBXBuildFile; fileRef = 178888FF2AB82B960099B2A0 /* ShrimplixViewModel.swift */; };
		178889032AB84CBB0099B2A0 /* APIManager.swift in Sources */ = {isa = PBXBuildFile; fileRef = 178889022AB84CBB0099B2A0 /* APIManager.swift */; };
		178889092AB9074D0099B2A0 /* PhotoModel.swift in Sources */ = {isa = PBXBuildFile; fileRef = 178889082AB9074D0099B2A0 /* PhotoModel.swift */; };
		1788890B2AB908AF0099B2A0 /* RandomPhotoViewController.swift in Sources */ = {isa = PBXBuildFile; fileRef = 1788890A2AB908AF0099B2A0 /* RandomPhotoViewController.swift */; };
		1788890D2AB90BD70099B2A0 /* RandomPhotoViewModel.swift in Sources */ = {isa = PBXBuildFile; fileRef = 1788890C2AB90BD70099B2A0 /* RandomPhotoViewModel.swift */; };
		1788890F2AB90E820099B2A0 /* .gitignore in Resources */ = {isa = PBXBuildFile; fileRef = 1788890E2AB90E820099B2A0 /* .gitignore */; };
		178889112AB90E9E0099B2A0 /* APIKeys.swift in Sources */ = {isa = PBXBuildFile; fileRef = 178889102AB90E9E0099B2A0 /* APIKeys.swift */; };
/* End PBXBuildFile section */

/* Begin PBXFileReference section */
		178888DF2AB822BC0099B2A0 /* MVVMWithDiffable.app */ = {isa = PBXFileReference; explicitFileType = wrapper.application; includeInIndex = 0; path = MVVMWithDiffable.app; sourceTree = BUILT_PRODUCTS_DIR; };
		178888E22AB822BC0099B2A0 /* AppDelegate.swift */ = {isa = PBXFileReference; lastKnownFileType = sourcecode.swift; path = AppDelegate.swift; sourceTree = "<group>"; };
		178888E42AB822BC0099B2A0 /* SceneDelegate.swift */ = {isa = PBXFileReference; lastKnownFileType = sourcecode.swift; path = SceneDelegate.swift; sourceTree = "<group>"; };
		178888E62AB822BC0099B2A0 /* ViewController.swift */ = {isa = PBXFileReference; lastKnownFileType = sourcecode.swift; path = ViewController.swift; sourceTree = "<group>"; };
		178888E92AB822BC0099B2A0 /* Base */ = {isa = PBXFileReference; lastKnownFileType = file.storyboard; name = Base; path = Base.lproj/Main.storyboard; sourceTree = "<group>"; };
		178888EB2AB822BD0099B2A0 /* Assets.xcassets */ = {isa = PBXFileReference; lastKnownFileType = folder.assetcatalog; path = Assets.xcassets; sourceTree = "<group>"; };
		178888EE2AB822BD0099B2A0 /* Base */ = {isa = PBXFileReference; lastKnownFileType = file.storyboard; name = Base; path = Base.lproj/LaunchScreen.storyboard; sourceTree = "<group>"; };
		178888F02AB822BD0099B2A0 /* Info.plist */ = {isa = PBXFileReference; lastKnownFileType = text.plist.xml; path = Info.plist; sourceTree = "<group>"; };
		178888F92AB825E50099B2A0 /* CustomTextField.swift */ = {isa = PBXFileReference; lastKnownFileType = sourcecode.swift; path = CustomTextField.swift; sourceTree = "<group>"; };
		178888FD2AB82AAF0099B2A0 /* Observable.swift */ = {isa = PBXFileReference; lastKnownFileType = sourcecode.swift; path = Observable.swift; sourceTree = "<group>"; };
		178888FF2AB82B960099B2A0 /* ShrimplixViewModel.swift */ = {isa = PBXFileReference; lastKnownFileType = sourcecode.swift; path = ShrimplixViewModel.swift; sourceTree = "<group>"; };
		178889022AB84CBB0099B2A0 /* APIManager.swift */ = {isa = PBXFileReference; lastKnownFileType = sourcecode.swift; path = APIManager.swift; sourceTree = "<group>"; };
		178889082AB9074D0099B2A0 /* PhotoModel.swift */ = {isa = PBXFileReference; lastKnownFileType = sourcecode.swift; path = PhotoModel.swift; sourceTree = "<group>"; };
		1788890A2AB908AF0099B2A0 /* RandomPhotoViewController.swift */ = {isa = PBXFileReference; lastKnownFileType = sourcecode.swift; path = RandomPhotoViewController.swift; sourceTree = "<group>"; };
		1788890C2AB90BD70099B2A0 /* RandomPhotoViewModel.swift */ = {isa = PBXFileReference; lastKnownFileType = sourcecode.swift; path = RandomPhotoViewModel.swift; sourceTree = "<group>"; };
		1788890E2AB90E820099B2A0 /* .gitignore */ = {isa = PBXFileReference; lastKnownFileType = text; path = .gitignore; sourceTree = "<group>"; };
		178889102AB90E9E0099B2A0 /* APIKeys.swift */ = {isa = PBXFileReference; lastKnownFileType = sourcecode.swift; path = APIKeys.swift; sourceTree = "<group>"; };
/* End PBXFileReference section */

/* Begin PBXFrameworksBuildPhase section */
		178888DC2AB822BC0099B2A0 /* Frameworks */ = {
			isa = PBXFrameworksBuildPhase;
			buildActionMask = 2147483647;
			files = (
				178888F82AB823130099B2A0 /* SnapKit in Frameworks */,
			);
			runOnlyForDeploymentPostprocessing = 0;
		};
/* End PBXFrameworksBuildPhase section */

/* Begin PBXGroup section */
		178888D62AB822BC0099B2A0 = {
			isa = PBXGroup;
			children = (
				178888E12AB822BC0099B2A0 /* MVVMWithDiffable */,
				178888E02AB822BC0099B2A0 /* Products */,
			);
			sourceTree = "<group>";
		};
		178888E02AB822BC0099B2A0 /* Products */ = {
			isa = PBXGroup;
			children = (
				178888DF2AB822BC0099B2A0 /* MVVMWithDiffable.app */,
			);
			name = Products;
			sourceTree = "<group>";
		};
		178888E12AB822BC0099B2A0 /* MVVMWithDiffable */ = {
			isa = PBXGroup;
			children = (
				178889012AB84C670099B2A0 /* RandomPhoto */,
				178888FC2AB82AA00099B2A0 /* Utility */,
				178888E22AB822BC0099B2A0 /* AppDelegate.swift */,
				178888E42AB822BC0099B2A0 /* SceneDelegate.swift */,
				178888FB2AB82A720099B2A0 /* LogIn */,
				178888E82AB822BC0099B2A0 /* Main.storyboard */,
				178888EB2AB822BD0099B2A0 /* Assets.xcassets */,
				178888ED2AB822BD0099B2A0 /* LaunchScreen.storyboard */,
				178888F02AB822BD0099B2A0 /* Info.plist */,
				1788890E2AB90E820099B2A0 /* .gitignore */,
			);
			path = MVVMWithDiffable;
			sourceTree = "<group>";
		};
		178888FB2AB82A720099B2A0 /* LogIn */ = {
			isa = PBXGroup;
			children = (
				178888E62AB822BC0099B2A0 /* ViewController.swift */,
				178888F92AB825E50099B2A0 /* CustomTextField.swift */,
				178888FF2AB82B960099B2A0 /* ShrimplixViewModel.swift */,
			);
			path = LogIn;
			sourceTree = "<group>";
		};
		178888FC2AB82AA00099B2A0 /* Utility */ = {
			isa = PBXGroup;
			children = (
				178888FD2AB82AAF0099B2A0 /* Observable.swift */,
				178889102AB90E9E0099B2A0 /* APIKeys.swift */,
			);
			path = Utility;
			sourceTree = "<group>";
		};
		178889012AB84C670099B2A0 /* RandomPhoto */ = {
			isa = PBXGroup;
			children = (
				178889022AB84CBB0099B2A0 /* APIManager.swift */,
				178889082AB9074D0099B2A0 /* PhotoModel.swift */,
				1788890A2AB908AF0099B2A0 /* RandomPhotoViewController.swift */,
				1788890C2AB90BD70099B2A0 /* RandomPhotoViewModel.swift */,
			);
			path = RandomPhoto;
			sourceTree = "<group>";
		};
/* End PBXGroup section */

/* Begin PBXNativeTarget section */
		178888DE2AB822BC0099B2A0 /* MVVMWithDiffable */ = {
			isa = PBXNativeTarget;
			buildConfigurationList = 178888F32AB822BD0099B2A0 /* Build configuration list for PBXNativeTarget "MVVMWithDiffable" */;
			buildPhases = (
				178888DB2AB822BC0099B2A0 /* Sources */,
				178888DC2AB822BC0099B2A0 /* Frameworks */,
				178888DD2AB822BC0099B2A0 /* Resources */,
			);
			buildRules = (
			);
			dependencies = (
			);
			name = MVVMWithDiffable;
			packageProductDependencies = (
				178888F72AB823130099B2A0 /* SnapKit */,
			);
			productName = MVVMWithDiffable;
			productReference = 178888DF2AB822BC0099B2A0 /* MVVMWithDiffable.app */;
			productType = "com.apple.product-type.application";
		};
/* End PBXNativeTarget section */

/* Begin PBXProject section */
		178888D72AB822BC0099B2A0 /* Project object */ = {
			isa = PBXProject;
			attributes = {
				BuildIndependentTargetsInParallel = 1;
				LastSwiftUpdateCheck = 1430;
				LastUpgradeCheck = 1430;
				TargetAttributes = {
					178888DE2AB822BC0099B2A0 = {
						CreatedOnToolsVersion = 14.3.1;
					};
				};
			};
			buildConfigurationList = 178888DA2AB822BC0099B2A0 /* Build configuration list for PBXProject "MVVMWithDiffable" */;
			compatibilityVersion = "Xcode 14.0";
			developmentRegion = en;
			hasScannedForEncodings = 0;
			knownRegions = (
				en,
				Base,
			);
			mainGroup = 178888D62AB822BC0099B2A0;
			packageReferences = (
				178888F62AB823130099B2A0 /* XCRemoteSwiftPackageReference "SnapKit" */,
			);
			productRefGroup = 178888E02AB822BC0099B2A0 /* Products */;
			projectDirPath = "";
			projectRoot = "";
			targets = (
				178888DE2AB822BC0099B2A0 /* MVVMWithDiffable */,
			);
		};
/* End PBXProject section */

/* Begin PBXResourcesBuildPhase section */
		178888DD2AB822BC0099B2A0 /* Resources */ = {
			isa = PBXResourcesBuildPhase;
			buildActionMask = 2147483647;
			files = (
				1788890F2AB90E820099B2A0 /* .gitignore in Resources */,
				178888EF2AB822BD0099B2A0 /* LaunchScreen.storyboard in Resources */,
				178888EC2AB822BD0099B2A0 /* Assets.xcassets in Resources */,
				178888EA2AB822BC0099B2A0 /* Main.storyboard in Resources */,
			);
			runOnlyForDeploymentPostprocessing = 0;
		};
/* End PBXResourcesBuildPhase section */

/* Begin PBXSourcesBuildPhase section */
		178888DB2AB822BC0099B2A0 /* Sources */ = {
			isa = PBXSourcesBuildPhase;
			buildActionMask = 2147483647;
			files = (
				178889112AB90E9E0099B2A0 /* APIKeys.swift in Sources */,
				178889092AB9074D0099B2A0 /* PhotoModel.swift in Sources */,
				178888FA2AB825E50099B2A0 /* CustomTextField.swift in Sources */,
				178889002AB82B960099B2A0 /* ShrimplixViewModel.swift in Sources */,
				178888FE2AB82AAF0099B2A0 /* Observable.swift in Sources */,
				1788890D2AB90BD70099B2A0 /* RandomPhotoViewModel.swift in Sources */,
				178888E72AB822BC0099B2A0 /* ViewController.swift in Sources */,
				178888E32AB822BC0099B2A0 /* AppDelegate.swift in Sources */,
				1788890B2AB908AF0099B2A0 /* RandomPhotoViewController.swift in Sources */,
				178888E52AB822BC0099B2A0 /* SceneDelegate.swift in Sources */,
				178889032AB84CBB0099B2A0 /* APIManager.swift in Sources */,
			);
			runOnlyForDeploymentPostprocessing = 0;
		};
/* End PBXSourcesBuildPhase section */

/* Begin PBXVariantGroup section */
		178888E82AB822BC0099B2A0 /* Main.storyboard */ = {
			isa = PBXVariantGroup;
			children = (
				178888E92AB822BC0099B2A0 /* Base */,
			);
			name = Main.storyboard;
			sourceTree = "<group>";
		};
		178888ED2AB822BD0099B2A0 /* LaunchScreen.storyboard */ = {
			isa = PBXVariantGroup;
			children = (
				178888EE2AB822BD0099B2A0 /* Base */,
			);
			name = LaunchScreen.storyboard;
			sourceTree = "<group>";
		};
/* End PBXVariantGroup section */

/* Begin XCBuildConfiguration section */
		178888F12AB822BD0099B2A0 /* Debug */ = {
			isa = XCBuildConfiguration;
			buildSettings = {
				ALWAYS_SEARCH_USER_PATHS = NO;
				CLANG_ANALYZER_NONNULL = YES;
				CLANG_ANALYZER_NUMBER_OBJECT_CONVERSION = YES_AGGRESSIVE;
				CLANG_CXX_LANGUAGE_STANDARD = "gnu++20";
				CLANG_ENABLE_MODULES = YES;
				CLANG_ENABLE_OBJC_ARC = YES;
				CLANG_ENABLE_OBJC_WEAK = YES;
				CLANG_WARN_BLOCK_CAPTURE_AUTORELEASING = YES;
				CLANG_WARN_BOOL_CONVERSION = YES;
				CLANG_WARN_COMMA = YES;
				CLANG_WARN_CONSTANT_CONVERSION = YES;
				CLANG_WARN_DEPRECATED_OBJC_IMPLEMENTATIONS = YES;
				CLANG_WARN_DIRECT_OBJC_ISA_USAGE = YES_ERROR;
				CLANG_WARN_DOCUMENTATION_COMMENTS = YES;
				CLANG_WARN_EMPTY_BODY = YES;
				CLANG_WARN_ENUM_CONVERSION = YES;
				CLANG_WARN_INFINITE_RECURSION = YES;
				CLANG_WARN_INT_CONVERSION = YES;
				CLANG_WARN_NON_LITERAL_NULL_CONVERSION = YES;
				CLANG_WARN_OBJC_IMPLICIT_RETAIN_SELF = YES;
				CLANG_WARN_OBJC_LITERAL_CONVERSION = YES;
				CLANG_WARN_OBJC_ROOT_CLASS = YES_ERROR;
				CLANG_WARN_QUOTED_INCLUDE_IN_FRAMEWORK_HEADER = YES;
				CLANG_WARN_RANGE_LOOP_ANALYSIS = YES;
				CLANG_WARN_STRICT_PROTOTYPES = YES;
				CLANG_WARN_SUSPICIOUS_MOVE = YES;
				CLANG_WARN_UNGUARDED_AVAILABILITY = YES_AGGRESSIVE;
				CLANG_WARN_UNREACHABLE_CODE = YES;
				CLANG_WARN__DUPLICATE_METHOD_MATCH = YES;
				COPY_PHASE_STRIP = NO;
				DEBUG_INFORMATION_FORMAT = dwarf;
				ENABLE_STRICT_OBJC_MSGSEND = YES;
				ENABLE_TESTABILITY = YES;
				GCC_C_LANGUAGE_STANDARD = gnu11;
				GCC_DYNAMIC_NO_PIC = NO;
				GCC_NO_COMMON_BLOCKS = YES;
				GCC_OPTIMIZATION_LEVEL = 0;
				GCC_PREPROCESSOR_DEFINITIONS = (
					"DEBUG=1",
					"$(inherited)",
				);
				GCC_WARN_64_TO_32_BIT_CONVERSION = YES;
				GCC_WARN_ABOUT_RETURN_TYPE = YES_ERROR;
				GCC_WARN_UNDECLARED_SELECTOR = YES;
				GCC_WARN_UNINITIALIZED_AUTOS = YES_AGGRESSIVE;
				GCC_WARN_UNUSED_FUNCTION = YES;
				GCC_WARN_UNUSED_VARIABLE = YES;
				IPHONEOS_DEPLOYMENT_TARGET = 16.4;
				MTL_ENABLE_DEBUG_INFO = INCLUDE_SOURCE;
				MTL_FAST_MATH = YES;
				ONLY_ACTIVE_ARCH = YES;
				SDKROOT = iphoneos;
				SWIFT_ACTIVE_COMPILATION_CONDITIONS = DEBUG;
				SWIFT_OPTIMIZATION_LEVEL = "-Onone";
			};
			name = Debug;
		};
		178888F22AB822BD0099B2A0 /* Release */ = {
			isa = XCBuildConfiguration;
			buildSettings = {
				ALWAYS_SEARCH_USER_PATHS = NO;
				CLANG_ANALYZER_NONNULL = YES;
				CLANG_ANALYZER_NUMBER_OBJECT_CONVERSION = YES_AGGRESSIVE;
				CLANG_CXX_LANGUAGE_STANDARD = "gnu++20";
				CLANG_ENABLE_MODULES = YES;
				CLANG_ENABLE_OBJC_ARC = YES;
				CLANG_ENABLE_OBJC_WEAK = YES;
				CLANG_WARN_BLOCK_CAPTURE_AUTORELEASING = YES;
				CLANG_WARN_BOOL_CONVERSION = YES;
				CLANG_WARN_COMMA = YES;
				CLANG_WARN_CONSTANT_CONVERSION = YES;
				CLANG_WARN_DEPRECATED_OBJC_IMPLEMENTATIONS = YES;
				CLANG_WARN_DIRECT_OBJC_ISA_USAGE = YES_ERROR;
				CLANG_WARN_DOCUMENTATION_COMMENTS = YES;
				CLANG_WARN_EMPTY_BODY = YES;
				CLANG_WARN_ENUM_CONVERSION = YES;
				CLANG_WARN_INFINITE_RECURSION = YES;
				CLANG_WARN_INT_CONVERSION = YES;
				CLANG_WARN_NON_LITERAL_NULL_CONVERSION = YES;
				CLANG_WARN_OBJC_IMPLICIT_RETAIN_SELF = YES;
				CLANG_WARN_OBJC_LITERAL_CONVERSION = YES;
				CLANG_WARN_OBJC_ROOT_CLASS = YES_ERROR;
				CLANG_WARN_QUOTED_INCLUDE_IN_FRAMEWORK_HEADER = YES;
				CLANG_WARN_RANGE_LOOP_ANALYSIS = YES;
				CLANG_WARN_STRICT_PROTOTYPES = YES;
				CLANG_WARN_SUSPICIOUS_MOVE = YES;
				CLANG_WARN_UNGUARDED_AVAILABILITY = YES_AGGRESSIVE;
				CLANG_WARN_UNREACHABLE_CODE = YES;
				CLANG_WARN__DUPLICATE_METHOD_MATCH = YES;
				COPY_PHASE_STRIP = NO;
				DEBUG_INFORMATION_FORMAT = "dwarf-with-dsym";
				ENABLE_NS_ASSERTIONS = NO;
				ENABLE_STRICT_OBJC_MSGSEND = YES;
				GCC_C_LANGUAGE_STANDARD = gnu11;
				GCC_NO_COMMON_BLOCKS = YES;
				GCC_WARN_64_TO_32_BIT_CONVERSION = YES;
				GCC_WARN_ABOUT_RETURN_TYPE = YES_ERROR;
				GCC_WARN_UNDECLARED_SELECTOR = YES;
				GCC_WARN_UNINITIALIZED_AUTOS = YES_AGGRESSIVE;
				GCC_WARN_UNUSED_FUNCTION = YES;
				GCC_WARN_UNUSED_VARIABLE = YES;
				IPHONEOS_DEPLOYMENT_TARGET = 16.4;
				MTL_ENABLE_DEBUG_INFO = NO;
				MTL_FAST_MATH = YES;
				SDKROOT = iphoneos;
				SWIFT_COMPILATION_MODE = wholemodule;
				SWIFT_OPTIMIZATION_LEVEL = "-O";
				VALIDATE_PRODUCT = YES;
			};
			name = Release;
		};
		178888F42AB822BD0099B2A0 /* Debug */ = {
			isa = XCBuildConfiguration;
			buildSettings = {
				ASSETCATALOG_COMPILER_APPICON_NAME = AppIcon;
				ASSETCATALOG_COMPILER_GLOBAL_ACCENT_COLOR_NAME = AccentColor;
				CODE_SIGN_STYLE = Automatic;
				CURRENT_PROJECT_VERSION = 1;
				DEVELOPMENT_TEAM = H5BHKL6637;
				GENERATE_INFOPLIST_FILE = YES;
				INFOPLIST_FILE = MVVMWithDiffable/Info.plist;
				INFOPLIST_KEY_UIApplicationSupportsIndirectInputEvents = YES;
				INFOPLIST_KEY_UILaunchStoryboardName = LaunchScreen;
				INFOPLIST_KEY_UISupportedInterfaceOrientations_iPad = "UIInterfaceOrientationPortrait UIInterfaceOrientationPortraitUpsideDown UIInterfaceOrientationLandscapeLeft UIInterfaceOrientationLandscapeRight";
				INFOPLIST_KEY_UISupportedInterfaceOrientations_iPhone = "UIInterfaceOrientationPortrait UIInterfaceOrientationLandscapeLeft UIInterfaceOrientationLandscapeRight";
				LD_RUNPATH_SEARCH_PATHS = (
					"$(inherited)",
					"@executable_path/Frameworks",
				);
				MARKETING_VERSION = 1.0;
				PRODUCT_BUNDLE_IDENTIFIER = com.hyeonseok.MVVMWithDiffable;
				PRODUCT_NAME = "$(TARGET_NAME)";
				SWIFT_EMIT_LOC_STRINGS = YES;
				SWIFT_VERSION = 5.0;
				TARGETED_DEVICE_FAMILY = "1,2";
			};
			name = Debug;
		};
		178888F52AB822BD0099B2A0 /* Release */ = {
			isa = XCBuildConfiguration;
			buildSettings = {
				ASSETCATALOG_COMPILER_APPICON_NAME = AppIcon;
				ASSETCATALOG_COMPILER_GLOBAL_ACCENT_COLOR_NAME = AccentColor;
				CODE_SIGN_STYLE = Automatic;
				CURRENT_PROJECT_VERSION = 1;
				DEVELOPMENT_TEAM = H5BHKL6637;
				GENERATE_INFOPLIST_FILE = YES;
				INFOPLIST_FILE = MVVMWithDiffable/Info.plist;
				INFOPLIST_KEY_UIApplicationSupportsIndirectInputEvents = YES;
				INFOPLIST_KEY_UILaunchStoryboardName = LaunchScreen;
				INFOPLIST_KEY_UISupportedInterfaceOrientations_iPad = "UIInterfaceOrientationPortrait UIInterfaceOrientationPortraitUpsideDown UIInterfaceOrientationLandscapeLeft UIInterfaceOrientationLandscapeRight";
				INFOPLIST_KEY_UISupportedInterfaceOrientations_iPhone = "UIInterfaceOrientationPortrait UIInterfaceOrientationLandscapeLeft UIInterfaceOrientationLandscapeRight";
				LD_RUNPATH_SEARCH_PATHS = (
					"$(inherited)",
					"@executable_path/Frameworks",
				);
				MARKETING_VERSION = 1.0;
				PRODUCT_BUNDLE_IDENTIFIER = com.hyeonseok.MVVMWithDiffable;
				PRODUCT_NAME = "$(TARGET_NAME)";
				SWIFT_EMIT_LOC_STRINGS = YES;
				SWIFT_VERSION = 5.0;
				TARGETED_DEVICE_FAMILY = "1,2";
			};
			name = Release;
		};
/* End XCBuildConfiguration section */

/* Begin XCConfigurationList section */
		178888DA2AB822BC0099B2A0 /* Build configuration list for PBXProject "MVVMWithDiffable" */ = {
			isa = XCConfigurationList;
			buildConfigurations = (
				178888F12AB822BD0099B2A0 /* Debug */,
				178888F22AB822BD0099B2A0 /* Release */,
			);
			defaultConfigurationIsVisible = 0;
			defaultConfigurationName = Release;
		};
		178888F32AB822BD0099B2A0 /* Build configuration list for PBXNativeTarget "MVVMWithDiffable" */ = {
			isa = XCConfigurationList;
			buildConfigurations = (
				178888F42AB822BD0099B2A0 /* Debug */,
				178888F52AB822BD0099B2A0 /* Release */,
			);
			defaultConfigurationIsVisible = 0;
			defaultConfigurationName = Release;
		};
/* End XCConfigurationList section */

/* Begin XCRemoteSwiftPackageReference section */
		178888F62AB823130099B2A0 /* XCRemoteSwiftPackageReference "SnapKit" */ = {
			isa = XCRemoteSwiftPackageReference;
			repositoryURL = "https://github.com/SnapKit/SnapKit.git";
			requirement = {
				kind = upToNextMajorVersion;
				minimumVersion = 5.0.0;
			};
		};
/* End XCRemoteSwiftPackageReference section */

/* Begin XCSwiftPackageProductDependency section */
		178888F72AB823130099B2A0 /* SnapKit */ = {
			isa = XCSwiftPackageProductDependency;
			package = 178888F62AB823130099B2A0 /* XCRemoteSwiftPackageReference "SnapKit" */;
			productName = SnapKit;
		};
/* End XCSwiftPackageProductDependency section */
	};
	rootObject = 178888D72AB822BC0099B2A0 /* Project object */;
}
